# This file was autogenerated by Stack.
# You should not edit this file by hand.
# For more information, please see the documentation at:
#   https://docs.haskellstack.org/en/stable/lock_files

packages:
- completed:
    hackage: algebraic-graphs-0.2@sha256:c0700acf56290af3c5e00c2ce83efa16d3524f47a9ed89991353c0f2fd3fb15f,7297
    pantry-tree:
      sha256: 5ca7fde76bb2f6029a9652b2ab1b8cf12a3287ee5b4613c56703f9a16f8ec945
      size: 2998
  original:
    hackage: algebraic-graphs-0.2
- completed:
    hackage: bloomfilter-2.0.1.0@sha256:c72063cc0a3458a5ec6e74e4cabe286ce7f04841624343c1c69d9e0d378726c2,1806
    pantry-tree:
      sha256: b16bdaa3ccb76382da9f6d23ec98a8523f2807b2c91e87068de8513999adfdfd
      size: 1081
  original:
    hackage: bloomfilter-2.0.1.0
- completed:
    hackage: bound-2@sha256:6de3de000ec9cd700543366c282938c775799f30cc0aab870683dbec18e57a08,4761
    pantry-tree:
      sha256: 861d9a54b05e18a595e6901bca136b04a6ca77875f2db58e6db480a0144641d4
      size: 1406
  original:
    hackage: bound-2
- completed:
    hackage: cacophony-0.10.1@sha256:c702b91ebec24551dd57d9d6195eb4ef22f690f0123ab2539e2f474ca0c4c210,4243
    pantry-tree:
      sha256: 2ab89c09be2690fa116893bd8499ea345e31f3cffa28d3afa64b84005b08bcf0
      size: 3365
  original:
    hackage: cacophony-0.10.1
- completed:
    hackage: compactable-0.1.2.2@sha256:38a8f3a1089794a3d1daa50730abc98ccafaedad17cf68ffca09b271c165ff52,1573
    pantry-tree:
      sha256: 0da90cef2ede9cabb4ad04cb0b5437d5be0a06588bfe56ff5b8c73446df7e90d
      size: 275
  original:
    hackage: compactable-0.1.2.2
- completed:
    hackage: lz4-0.2.3.1@sha256:9d286f1c8e3e3aab86ebb8cd39b485af57c0a05d9da5baf921641012a3c83cf0,1821
    pantry-tree:
      sha256: 3a3c17d888e05430d441ddaef9cd3e350321dd7a1c60128efed92814d8dd65e3
      size: 666
  original:
    hackage: lz4-0.2.3.1
- completed:
    hackage: monad-gen-0.3.0.1@sha256:a2569465cfbd468d3350ef25de56b3362580e77537224313aab1210f40804a3b,821
    pantry-tree:
      sha256: a825dc8dcc3ee27dbbc1b71f6853703790ed320249b8f8510bb36d726664e795
      size: 288
  original:
    hackage: monad-gen-0.3.0.1
- completed:
    hackage: prelude-extras-0.4.0.3@sha256:1c10b0123ea13a6423d74a8fcbaeb2d5249b472588abde418a36b47b7c4f48c8,1163
    pantry-tree:
      sha256: a03f60a1250c9d0daaf208ba58ccf24e05e0807f2e3dc7892fad3f2f3a196f7f
      size: 476
  original:
    hackage: prelude-extras-0.4.0.3
- completed:
    hackage: strict-tuple-0.1.2@sha256:546cce0dae83a49f805749b3cdee6ccdbab425c58d78731bbe126dc0a758b80f,1064
    pantry-tree:
      sha256: 13e5921161d2dda1e33e5dc776c7a96b0f8f76136a3dead96bde04ea0b73380a
      size: 381
  original:
    hackage: strict-tuple-0.1.2
- completed:
    hackage: unagi-chan-0.4.0.0@sha256:51857268f1bbe2362b6fe177491cee4fffddc4e34ba6b47984ad9376e61fd02a,8893
    pantry-tree:
      sha256: 399992235765b225e75ccc105d2867090acbf53068c7ce5af7b93760ad8b6a7e
      size: 2286
  original:
    hackage: unagi-chan-0.4.0.0
- completed:
    hackage: katip-0.6.3.0@sha256:26948b73c7a9815516f46287eb44835fe452854b6ffd486524e5ed5e909562bf,4272
    pantry-tree:
      sha256: f0fc7a19f21f364f7b3950a6450dc59c0700aa6a20a8320034f98e17df02aa30
      size: 1140
  original:
    hackage: katip-0.6.3.0
- completed:
    hackage: FloatingHex-0.4@sha256:05f65f2b0103d98574b2a2b4a592e02d83ebb13bdbad347b9157507165cf51e7,1333
    pantry-tree:
      sha256: 2402e543c9858f9e47f81fec43be74ea4987dc5fdc33fea8ae7afca7fa741096
      size: 417
  original:
    hackage: FloatingHex-0.4
- completed:
    commit: 5f19f4b19675d7130fee4c41edd38a7c5938c940
    git: git@github.com:kadena-io/pact.git
    name: pact
    pantry-tree:
      sha256: 5909a7bdf25fc8001a98c3c0d954999c9cbbc849434f8441fc5bdefcb084996c
      size: 22823
    version: 3.4.0
  original:
    commit: 5f19f4b19675d7130fee4c41edd38a7c5938c940
    git: git@github.com:kadena-io/pact.git
- completed:
    hackage: ed25519-donna-0.1.1@sha256:344c0bb83603ed896012f441e54b380314dc4910320577cd18a9071e34f24fe9,2358
    pantry-tree:
      sha256: a2a0790a36cf8f7a63b98a4d443c5a84f66b189b3c2c2ddd97bc9f983d5fa9ba
      size: 2298
  original:
    hackage: ed25519-donna-0.1.1
- completed:
    hackage: prettyprinter-convert-ansi-wl-pprint-1.1@sha256:ae908ee44422c38a696858f04928d4b2448df656c09e6b5f5b1be05d99669fb0,3022
    pantry-tree:
      sha256: 299c3e9e248f254cd58d2cd3da13c06681c06238aa01f1f22b4aa0bb7c4b8591
      size: 383
  original:
    hackage: prettyprinter-convert-ansi-wl-pprint-1.1
- completed:
    hackage: sbv-8.2@sha256:1a45677585506d7cc538ee96206b6d5bc78bf5bd806abe95bcdc515d0705e728,18316
    pantry-tree:
      sha256: 40f10289f3ca93087d6bfaea3ddac55748bc4ac84a0de19d9c47003180b60a5b
      size: 52972
  original:
    hackage: sbv-8.2
- completed:
    hackage: trifecta-2.1@sha256:5a936da33052a9e7c1b3e6c974ba0357943fd5fa5b7e5d595fd7abda0f743f3b,4116
    pantry-tree:
      sha256: 76f462d216dd1cb00d625b784bcf36a62ce33c222184dacaae56ca64442fd065
      size: 1832
  original:
    hackage: trifecta-2.1
- completed:
    commit: 6ee9fcb026ebdb49b810802a981d166680d867c9
    git: https://github.com/kadena-io/thyme.git
    name: thyme
    pantry-tree:
      sha256: 6d9605f1ac1e08ab60860d68e0e47773fa6e762ba032756f2d3e1e20fb905ec2
      size: 2198
    version: 0.3.6.0
  original:
    commit: 6ee9fcb026ebdb49b810802a981d166680d867c9
    git: https://github.com/kadena-io/thyme.git
snapshots:
- completed:
    sha256: 26b807457213126d26b595439d705dc824dbb7618b0de6b900adc2bf6a059406
    size: 545658
    url: https://raw.githubusercontent.com/commercialhaskell/stackage-snapshots/master/lts/14/12.yaml
  original: lts-14.12
